# This file is automatically @generated by Cargo.
# It is not intended for manual editing.
version = 4

[[package]]
name = "cborrs"
version = "0.1.0"
source = "git+https://github.com/project-everest/everparse.git?rev=950bc93838ac2faae51126d8acd0637cf8c8a569#950bc93838ac2faae51126d8acd0637cf8c8a569"

[[package]]
name = "cborrs-nondet"
version = "0.1.0"
source = "git+https://github.com/project-everest/everparse.git?rev=950bc93838ac2faae51126d8acd0637cf8c8a569#950bc93838ac2faae51126d8acd0637cf8c8a569"

[[package]]
name = "cc"
version = "1.4.4"
source = "registry+https://github.com/rust-lang/crates.io-index"
checksum = "0ad534f4357a5264cce5019c989cf66a4f0dc4e0d1b1d15f8aacec0ff7360273"
dependencies = [
 "find-msvc-tools",
 "shlex",
]

[[package]]
name = "ccf-basic-rust"
version = "0.1.0"
dependencies = [
 "ccf-rs",
]

[[package]]
name = "ccf-rs"
version = "0.1.0"
dependencies = [
 "cose-rs",
]

[[package]]
name = "cose-openssl"
version = "0.1.0"
dependencies = [
 "cborrs",
 "cborrs-nondet",
 "openssl-sys",
]

[[package]]
name = "cose-rs"
version = "0.1.0"
dependencies = [
 "cose-openssl",
]

[[package]]
name = "find-msvc-tools"
version = "0.1.11"
source = "registry+https://github.com/rust-lang/crates.io-index"
checksum = "d45db016d36b838f563236e9193d0ee6ce38f3f68b6c94e914b4929c96bbb890"

[[package]]
name = "libc"
version = "0.2.189"
source = "registry+https://github.com/rust-lang/crates.io-index"
checksum = "3eaf3ede3fee6db1a4c2ee091bf8a8b4dccdc6d17f656fb07896ee72867612f2"

[[package]]
name = "openssl-sys"
version = "0.9.117"
source = "registry+https://github.com/rust-lang/crates.io-index"
checksum = "b47e7e6bb2c38cd930d25a23b40fa52e068c10e85f3e03a7f5ba5aaca5713695"
dependencies = [
 "cc",
 "libc",
 "pkg-config",
 "vcpkg",
]

[[package]]
name = "pkg-config"
version = "0.3.34"
source = "registry+https://github.com/rust-lang/crates.io-index"
checksum = "f6b464fbc74e149a392436b17d523f769e057cb6877f6a5c4618bc6f11800548"

[[package]]
name = "shlex"
version = "2.0.1"
source = "registry+https://github.com/rust-lang/crates.io-index"
checksum = "f8fadd59c855ef2080decdef8ff161eb6661b86933c9d82e5ba29dc602a55aba"

[[package]]
name = "vcpkg"
version = "0.2.15"
source = "registry+https://github.com/rust-lang/crates.io-index"
checksum = "accd4ea62f7bb7a82fe23066fb0957d48ef677f6eeb8215f372f52e48bb32426"
